
Microsoft Visual Studio Solution File, Format Version 12.00
# Visual Studio Version 16
VisualStudioVersion = 16.0.31005.135
MinimumVisualStudioVersion = 10.0.40219.1
Project("{FAE04EC0-301F-11D3-BF4B-00C04F79EFBC}") = "SysBil", "SysBil\SysBil.csproj", "{7FC92678-3999-46E2-8553-1F92896B1EF2}"
EndProject
Project("{FAE04EC0-301F-11D3-BF4B-00C04F79EFBC}") = "ModuloVendas", "ModuloVendas\ModuloVendas.csproj", "{B98A01E7-0A60-4FF8-9593-CA28FE947E54}"
EndProject
Global
	GlobalSection(SolutionConfigurationPlatforms) = preSolution
		Debug|Any CPU = Debug|Any CPU
		Release|Any CPU = Release|Any CPU
	EndGlobalSection
	GlobalSection(ProjectConfigurationPlatforms) = postSolution
		{7FC92678-3999-46E2-8553-1F92896B1EF2}.Debug|Any CPU.ActiveCfg = Debug|Any CPU
		{7FC92678-3999-46E2-8553-1F92896B1EF2}.Debug|Any CPU.Build.0 = Debug|Any CPU
		{7FC92678-3999-46E2-8553-1F92896B1EF2}.Release|Any CPU.ActiveCfg = Release|Any CPU
		{7FC92678-3999-46E2-8553-1F92896B1EF2}.Release|Any CPU.Build.0 = Release|Any CPU
		{B98A01E7-0A60-4FF8-9593-CA28FE947E54}.Debug|Any CPU.ActiveCfg = Debug|Any CPU
		{B98A01E7-0A60-4FF8-9593-CA28FE947E54}.Debug|Any CPU.Build.0 = Debug|Any CPU
		{B98A01E7-0A60-4FF8-9593-CA28FE947E54}.Release|Any CPU.ActiveCfg = Release|Any CPU
		{B98A01E7-0A60-4FF8-9593-CA28FE947E54}.Release|Any CPU.Build.0 = Release|Any CPU
	EndGlobalSection
	GlobalSection(SolutionProperties) = preSolution
		HideSolutionNode = FALSE
	EndGlobalSection
	GlobalSection(ExtensibilityGlobals) = postSolution
		SolutionGuid = {7C222FA7-18BF-4114-B60D-D0905335BF18}
	EndGlobalSection
EndGlobal
